// !$*UTF8*$!
{
	archiveVersion = 1;
	classes = {
	};
	objectVersion = 50;
	objects = {

/* Begin PBXBuildFile section */
		74BF96862425B84A0042F107 /* AppDelegate.m in Sources */ = {isa = PBXBuildFile; fileRef = 74BF96852425B84A0042F107 /* AppDelegate.m */; };
		74BF96892425B84A0042F107 /* SceneDelegate.m in Sources */ = {isa = PBXBuildFile; fileRef = 74BF96882425B84A0042F107 /* SceneDelegate.m */; };
		74BF968C2425B84A0042F107 /* ViewController.m in Sources */ = {isa = PBXBuildFile; fileRef = 74BF968B2425B84A0042F107 /* ViewController.m */; };
		74BF968F2425B84A0042F107 /* Main.storyboard in Resources */ = {isa = PBXBuildFile; fileRef = 74BF968D2425B84A0042F107 /* Main.storyboard */; };
		74BF96912425B84B0042F107 /* Assets.xcassets in Resources */ = {isa = PBXBuildFile; fileRef = 74BF96902425B84B0042F107 /* Assets.xcassets */; };
		74BF96942425B84B0042F107 /* LaunchScreen.storyboard in Resources */ = {isa = PBXBuildFile; fileRef = 74BF96922425B84B0042F107 /* LaunchScreen.storyboard */; };
		74BF96972425B84B0042F107 /* main.m in Sources */ = {isa = PBXBuildFile; fileRef = 74BF96962425B84B0042F107 /* main.m */; };
		74BF96A12425B84B0042F107 /* MyAlgorithmTests.m in Sources */ = {isa = PBXBuildFile; fileRef = 74BF96A02425B84B0042F107 /* MyAlgorithmTests.m */; };
		74BF96AC2425B84B0042F107 /* MyAlgorithmUITests.m in Sources */ = {isa = PBXBuildFile; fileRef = 74BF96AB2425B84B0042F107 /* MyAlgorithmUITests.m */; };
		74BF96BB2425EBC00042F107 /* MyCrash.m in Sources */ = {isa = PBXBuildFile; fileRef = 74BF96BA2425EBC00042F107 /* MyCrash.m */; };
		74BF96BE242611C70042F107 /* UncaughtExceptionHandler.m in Sources */ = {isa = PBXBuildFile; fileRef = 74BF96BD242611C70042F107 /* UncaughtExceptionHandler.m */; };
		74BF96C1242729BB0042F107 /* UncaughtExceptionAndSignalHandler.m in Sources */ = {isa = PBXBuildFile; fileRef = 74BF96C0242729BB0042F107 /* UncaughtExceptionAndSignalHandler.m */; };
/* End PBXBuildFile section */

/* Begin PBXContainerItemProxy section */
		74BF969D2425B84B0042F107 /* PBXContainerItemProxy */ = {
			isa = PBXContainerItemProxy;
			containerPortal = 74BF96792425B84A0042F107 /* Project object */;
			proxyType = 1;
			remoteGlobalIDString = 74BF96802425B84A0042F107;
			remoteInfo = MyAlgorithm;
		};
		74BF96A82425B84B0042F107 /* PBXContainerItemProxy */ = {
			isa = PBXContainerItemProxy;
			containerPortal = 74BF96792425B84A0042F107 /* Project object */;
			proxyType = 1;
			remoteGlobalIDString = 74BF96802425B84A0042F107;
			remoteInfo = MyAlgorithm;
		};
/* End PBXContainerItemProxy section */

/* Begin PBXFileReference section */
		74BF96812425B84A0042F107 /* MyAlgorithm.app */ = {isa = PBXFileReference; explicitFileType = wrapper.application; includeInIndex = 0; path = MyAlgorithm.app; sourceTree = BUILT_PRODUCTS_DIR; };
		74BF96842425B84A0042F107 /* AppDelegate.h */ = {isa = PBXFileReference; lastKnownFileType = sourcecode.c.h; path = AppDelegate.h; sourceTree = "<group>"; };
		74BF96852425B84A0042F107 /* AppDelegate.m */ = {isa = PBXFileReference; lastKnownFileType = sourcecode.c.objc; path = AppDelegate.m; sourceTree = "<group>"; };
		74BF96872425B84A0042F107 /* SceneDelegate.h */ = {isa = PBXFileReference; lastKnownFileType = sourcecode.c.h; path = SceneDelegate.h; sourceTree = "<group>"; };
		74BF96882425B84A0042F107 /* SceneDelegate.m */ = {isa = PBXFileReference; lastKnownFileType = sourcecode.c.objc; path = SceneDelegate.m; sourceTree = "<group>"; };
		74BF968A2425B84A0042F107 /* ViewController.h */ = {isa = PBXFileReference; lastKnownFileType = sourcecode.c.h; path = ViewController.h; sourceTree = "<group>"; };
		74BF968B2425B84A0042F107 /* ViewController.m */ = {isa = PBXFileReference; lastKnownFileType = sourcecode.c.objc; path = ViewController.m; sourceTree = "<group>"; };
		74BF968E2425B84A0042F107 /* Base */ = {isa = PBXFileReference; lastKnownFileType = file.storyboard; name = Base; path = Base.lproj/Main.storyboard; sourceTree = "<group>"; };
		74BF96902425B84B0042F107 /* Assets.xcassets */ = {isa = PBXFileReference; lastKnownFileType = folder.assetcatalog; path = Assets.xcassets; sourceTree = "<group>"; };
		74BF96932425B84B0042F107 /* Base */ = {isa = PBXFileReference; lastKnownFileType = file.storyboard; name = Base; path = Base.lproj/LaunchScreen.storyboard; sourceTree = "<group>"; };
		74BF96952425B84B0042F107 /* Info.plist */ = {isa = PBXFileReference; lastKnownFileType = text.plist.xml; path = Info.plist; sourceTree = "<group>"; };
		74BF96962425B84B0042F107 /* main.m */ = {isa = PBXFileReference; lastKnownFileType = sourcecode.c.objc; path = main.m; sourceTree = "<group>"; };
		74BF969C2425B84B0042F107 /* MyAlgorithmTests.xctest */ = {isa = PBXFileReference; explicitFileType = wrapper.cfbundle; includeInIndex = 0; path = MyAlgorithmTests.xctest; sourceTree = BUILT_PRODUCTS_DIR; };
		74BF96A02425B84B0042F107 /* MyAlgorithmTests.m */ = {isa = PBXFileReference; lastKnownFileType = sourcecode.c.objc; path = MyAlgorithmTests.m; sourceTree = "<group>"; };
		74BF96A22425B84B0042F107 /* Info.plist */ = {isa = PBXFileReference; lastKnownFileType = text.plist.xml; path = Info.plist; sourceTree = "<group>"; };
		74BF96A72425B84B0042F107 /* MyAlgorithmUITests.xctest */ = {isa = PBXFileReference; explicitFileType = wrapper.cfbundle; includeInIndex = 0; path = MyAlgorithmUITests.xctest; sourceTree = BUILT_PRODUCTS_DIR; };
		74BF96AB2425B84B0042F107 /* MyAlgorithmUITests.m */ = {isa = PBXFileReference; lastKnownFileType = sourcecode.c.objc; path = MyAlgorithmUITests.m; sourceTree = "<group>"; };
		74BF96AD2425B84B0042F107 /* Info.plist */ = {isa = PBXFileReference; lastKnownFileType = text.plist.xml; path = Info.plist; sourceTree = "<group>"; };
		74BF96B92425EBC00042F107 /* MyCrash.h */ = {isa = PBXFileReference; lastKnownFileType = sourcecode.c.h; path = MyCrash.h; sourceTree = "<group>"; };
		74BF96BA2425EBC00042F107 /* MyCrash.m */ = {isa = PBXFileReference; lastKnownFileType = sourcecode.c.objc; path = MyCrash.m; sourceTree = "<group>"; };
		74BF96BC242611C70042F107 /* UncaughtExceptionHandler.h */ = {isa = PBXFileReference; lastKnownFileType = sourcecode.c.h; path = UncaughtExceptionHandler.h; sourceTree = "<group>"; };
		74BF96BD242611C70042F107 /* UncaughtExceptionHandler.m */ = {isa = PBXFileReference; lastKnownFileType = sourcecode.c.objc; path = UncaughtExceptionHandler.m; sourceTree = "<group>"; };
		74BF96BF242729BB0042F107 /* UncaughtExceptionAndSignalHandler.h */ = {isa = PBXFileReference; lastKnownFileType = sourcecode.c.h; path = UncaughtExceptionAndSignalHandler.h; sourceTree = "<group>"; };
		74BF96C0242729BB0042F107 /* UncaughtExceptionAndSignalHandler.m */ = {isa = PBXFileReference; lastKnownFileType = sourcecode.c.objc; path = UncaughtExceptionAndSignalHandler.m; sourceTree = "<group>"; };
/* End PBXFileReference section */

/* Begin PBXFrameworksBuildPhase section */
		74BF967E2425B84A0042F107 /* Frameworks */ = {
			isa = PBXFrameworksBuildPhase;
			buildActionMask = 2147483647;
			files = (
			);
			runOnlyForDeploymentPostprocessing = 0;
		};
		74BF96992425B84B0042F107 /* Frameworks */ = {
			isa = PBXFrameworksBuildPhase;
			buildActionMask = 2147483647;
			files = (
			);
			runOnlyForDeploymentPostprocessing = 0;
		};
		74BF96A42425B84B0042F107 /* Frameworks */ = {
			isa = PBXFrameworksBuildPhase;
			buildActionMask = 2147483647;
			files = (
			);
			runOnlyForDeploymentPostprocessing = 0;
		};
/* End PBXFrameworksBuildPhase section */

/* Begin PBXGroup section */
		74BF96782425B84A0042F107 = {
			isa = PBXGroup;
			children = (
				74BF96832425B84A0042F107 /* MyAlgorithm */,
				74BF969F2425B84B0042F107 /* MyAlgorithmTests */,
				74BF96AA2425B84B0042F107 /* MyAlgorithmUITests */,
				74BF96822425B84A0042F107 /* Products */,
			);
			sourceTree = "<group>";
		};
		74BF96822425B84A0042F107 /* Products */ = {
			isa = PBXGroup;
			children = (
				74BF96812425B84A0042F107 /* MyAlgorithm.app */,
				74BF969C2425B84B0042F107 /* MyAlgorithmTests.xctest */,
				74BF96A72425B84B0042F107 /* MyAlgorithmUITests.xctest */,
			);
			name = Products;
			sourceTree = "<group>";
		};
		74BF96832425B84A0042F107 /* MyAlgorithm */ = {
			isa = PBXGroup;
			children = (
				74BF96842425B84A0042F107 /* AppDelegate.h */,
				74BF96852425B84A0042F107 /* AppDelegate.m */,
				74BF96872425B84A0042F107 /* SceneDelegate.h */,
				74BF96882425B84A0042F107 /* SceneDelegate.m */,
				74BF968A2425B84A0042F107 /* ViewController.h */,
				74BF968B2425B84A0042F107 /* ViewController.m */,
				74BF96B92425EBC00042F107 /* MyCrash.h */,
				74BF96BA2425EBC00042F107 /* MyCrash.m */,
				74BF96BC242611C70042F107 /* UncaughtExceptionHandler.h */,
				74BF96BD242611C70042F107 /* UncaughtExceptionHandler.m */,
				74BF96BF242729BB0042F107 /* UncaughtExceptionAndSignalHandler.h */,
				74BF96C0242729BB0042F107 /* UncaughtExceptionAndSignalHandler.m */,
				74BF968D2425B84A0042F107 /* Main.storyboard */,
				74BF96902425B84B0042F107 /* Assets.xcassets */,
				74BF96922425B84B0042F107 /* LaunchScreen.storyboard */,
				74BF96952425B84B0042F107 /* Info.plist */,
				74BF96962425B84B0042F107 /* main.m */,
			);
			path = MyAlgorithm;
			sourceTree = "<group>";
		};
		74BF969F2425B84B0042F107 /* MyAlgorithmTests */ = {
			isa = PBXGroup;
			children = (
				74BF96A02425B84B0042F107 /* MyAlgorithmTests.m */,
				74BF96A22425B84B0042F107 /* Info.plist */,
			);
			path = MyAlgorithmTests;
			sourceTree = "<group>";
		};
		74BF96AA2425B84B0042F107 /* MyAlgorithmUITests */ = {
			isa = PBXGroup;
			children = (
				74BF96AB2425B84B0042F107 /* MyAlgorithmUITests.m */,
				74BF96AD2425B84B0042F107 /* Info.plist */,
			);
			path = MyAlgorithmUITests;
			sourceTree = "<group>";
		};
/* End PBXGroup section */

/* Begin PBXNativeTarget section */
		74BF96802425B84A0042F107 /* MyAlgorithm */ = {
			isa = PBXNativeTarget;
			buildConfigurationList = 74BF96B02425B84B0042F107 /* Build configuration list for PBXNativeTarget "MyAlgorithm" */;
			buildPhases = (
				74BF967D2425B84A0042F107 /* Sources */,
				74BF967E2425B84A0042F107 /* Frameworks */,
				74BF967F2425B84A0042F107 /* Resources */,
			);
			buildRules = (
			);
			dependencies = (
			);
			name = MyAlgorithm;
			productName = MyAlgorithm;
			productReference = 74BF96812425B84A0042F107 /* MyAlgorithm.app */;
			productType = "com.apple.product-type.application";
		};
		74BF969B2425B84B0042F107 /* MyAlgorithmTests */ = {
			isa = PBXNativeTarget;
			buildConfigurationList = 74BF96B32425B84B0042F107 /* Build configuration list for PBXNativeTarget "MyAlgorithmTests" */;
			buildPhases = (
				74BF96982425B84B0042F107 /* Sources */,
				74BF96992425B84B0042F107 /* Frameworks */,
				74BF969A2425B84B0042F107 /* Resources */,
			);
			buildRules = (
			);
			dependencies = (
				74BF969E2425B84B0042F107 /* PBXTargetDependency */,
			);
			name = MyAlgorithmTests;
			productName = MyAlgorithmTests;
			productReference = 74BF969C2425B84B0042F107 /* MyAlgorithmTests.xctest */;
			productType = "com.apple.product-type.bundle.unit-test";
		};
		74BF96A62425B84B0042F107 /* MyAlgorithmUITests */ = {
			isa = PBXNativeTarget;
			buildConfigurationList = 74BF96B62425B84B0042F107 /* Build configuration list for PBXNativeTarget "MyAlgorithmUITests" */;
			buildPhases = (
				74BF96A32425B84B0042F107 /* Sources */,
				74BF96A42425B84B0042F107 /* Frameworks */,
				74BF96A52425B84B0042F107 /* Resources */,
			);
			buildRules = (
			);
			dependencies = (
				74BF96A92425B84B0042F107 /* PBXTargetDependency */,
			);
			name = MyAlgorithmUITests;
			productName = MyAlgorithmUITests;
			productReference = 74BF96A72425B84B0042F107 /* MyAlgorithmUITests.xctest */;
			productType = "com.apple.product-type.bundle.ui-testing";
		};
/* End PBXNativeTarget section */

/* Begin PBXProject section */
		74BF96792425B84A0042F107 /* Project object */ = {
			isa = PBXProject;
			attributes = {
				LastUpgradeCheck = 1130;
				ORGANIZATIONNAME = wdyzmx;
				TargetAttributes = {
					74BF96802425B84A0042F107 = {
						CreatedOnToolsVersion = 11.3.1;
					};
					74BF969B2425B84B0042F107 = {
						CreatedOnToolsVersion = 11.3.1;
						TestTargetID = 74BF96802425B84A0042F107;
					};
					74BF96A62425B84B0042F107 = {
						CreatedOnToolsVersion = 11.3.1;
						TestTargetID = 74BF96802425B84A0042F107;
					};
				};
			};
			buildConfigurationList = 74BF967C2425B84A0042F107 /* Build configuration list for PBXProject "MyAlgorithm" */;
			compatibilityVersion = "Xcode 9.3";
			developmentRegion = en;
			hasScannedForEncodings = 0;
			knownRegions = (
				en,
				Base,
			);
			mainGroup = 74BF96782425B84A0042F107;
			productRefGroup = 74BF96822425B84A0042F107 /* Products */;
			projectDirPath = "";
			projectRoot = "";
			targets = (
				74BF96802425B84A0042F107 /* MyAlgorithm */,
				74BF969B2425B84B0042F107 /* MyAlgorithmTests */,
				74BF96A62425B84B0042F107 /* MyAlgorithmUITests */,
			);
		};
/* End PBXProject section */

/* Begin PBXResourcesBuildPhase section */
		74BF967F2425B84A0042F107 /* Resources */ = {
			isa = PBXResourcesBuildPhase;
			buildActionMask = 2147483647;
			files = (
				74BF96942425B84B0042F107 /* LaunchScreen.storyboard in Resources */,
				74BF96912425B84B0042F107 /* Assets.xcassets in Resources */,
				74BF968F2425B84A0042F107 /* Main.storyboard in Resources */,
			);
			runOnlyForDeploymentPostprocessing = 0;
		};
		74BF969A2425B84B0042F107 /* Resources */ = {
			isa = PBXResourcesBuildPhase;
			buildActionMask = 2147483647;
			files = (
			);
			runOnlyForDeploymentPostprocessing = 0;
		};
		74BF96A52425B84B0042F107 /* Resources */ = {
			isa = PBXResourcesBuildPhase;
			buildActionMask = 2147483647;
			files = (
			);
			runOnlyForDeploymentPostprocessing = 0;
		};
/* End PBXResourcesBuildPhase section */

/* Begin PBXSourcesBuildPhase section */
		74BF967D2425B84A0042F107 /* Sources */ = {
			isa = PBXSourcesBuildPhase;
			buildActionMask = 2147483647;
			files = (
				74BF96BB2425EBC00042F107 /* MyCrash.m in Sources */,
				74BF968C2425B84A0042F107 /* ViewController.m in Sources */,
				74BF96C1242729BB0042F107 /* UncaughtExceptionAndSignalHandler.m in Sources */,
				74BF96862425B84A0042F107 /* AppDelegate.m in Sources */,
				74BF96972425B84B0042F107 /* main.m in Sources */,
				74BF96892425B84A0042F107 /* SceneDelegate.m in Sources */,
				74BF96BE242611C70042F107 /* UncaughtExceptionHandler.m in Sources */,
			);
			runOnlyForDeploymentPostprocessing = 0;
		};
		74BF96982425B84B0042F107 /* Sources */ = {
			isa = PBXSourcesBuildPhase;
			buildActionMask = 2147483647;
			files = (
				74BF96A12425B84B0042F107 /* MyAlgorithmTests.m in Sources */,
			);
			runOnlyForDeploymentPostprocessing = 0;
		};
		74BF96A32425B84B0042F107 /* Sources */ = {
			isa = PBXSourcesBuildPhase;
			buildActionMask = 2147483647;
			files = (
				74BF96AC2425B84B0042F107 /* MyAlgorithmUITests.m in Sources */,
			);
			runOnlyForDeploymentPostprocessing = 0;
		};
/* End PBXSourcesBuildPhase section */

/* Begin PBXTargetDependency section */
		74BF969E2425B84B0042F107 /* PBXTargetDependency */ = {
			isa = PBXTargetDependency;
			target = 74BF96802425B84A0042F107 /* MyAlgorithm */;
			targetProxy = 74BF969D2425B84B0042F107 /* PBXContainerItemProxy */;
		};
		74BF96A92425B84B0042F107 /* PBXTargetDependency */ = {
			isa = PBXTargetDependency;
			target = 74BF96802425B84A0042F107 /* MyAlgorithm */;
			targetProxy = 74BF96A82425B84B0042F107 /* PBXContainerItemProxy */;
		};
/* End PBXTargetDependency section */

/* Begin PBXVariantGroup section */
		74BF968D2425B84A0042F107 /* Main.storyboard */ = {
			isa = PBXVariantGroup;
			children = (
				74BF968E2425B84A0042F107 /* Base */,
			);
			name = Main.storyboard;
			sourceTree = "<group>";
		};
		74BF96922425B84B0042F107 /* LaunchScreen.storyboard */ = {
			isa = PBXVariantGroup;
			children = (
				74BF96932425B84B0042F107 /* Base */,
			);
			name = LaunchScreen.storyboard;
			sourceTree = "<group>";
		};
/* End PBXVariantGroup section */

/* Begin XCBuildConfiguration section */
		74BF96AE2425B84B0042F107 /* Debug */ = {
			isa = XCBuildConfiguration;
			buildSettings = {
				ALWAYS_SEARCH_USER_PATHS = NO;
				CLANG_ANALYZER_NONNULL = YES;
				CLANG_ANALYZER_NUMBER_OBJECT_CONVERSION = YES_AGGRESSIVE;
				CLANG_CXX_LANGUAGE_STANDARD = "gnu++14";
				CLANG_CXX_LIBRARY = "libc++";
				CLANG_ENABLE_MODULES = YES;
				CLANG_ENABLE_OBJC_ARC = YES;
				CLANG_ENABLE_OBJC_WEAK = YES;
				CLANG_WARN_BLOCK_CAPTURE_AUTORELEASING = YES;
				CLANG_WARN_BOOL_CONVERSION = YES;
				CLANG_WARN_COMMA = YES;
				CLANG_WARN_CONSTANT_CONVERSION = YES;
				CLANG_WARN_DEPRECATED_OBJC_IMPLEMENTATIONS = YES;
				CLANG_WARN_DIRECT_OBJC_ISA_USAGE = YES_ERROR;
				CLANG_WARN_DOCUMENTATION_COMMENTS = YES;
				CLANG_WARN_EMPTY_BODY = YES;
				CLANG_WARN_ENUM_CONVERSION = YES;
				CLANG_WARN_INFINITE_RECURSION = YES;
				CLANG_WARN_INT_CONVERSION = YES;
				CLANG_WARN_NON_LITERAL_NULL_CONVERSION = YES;
				CLANG_WARN_OBJC_IMPLICIT_RETAIN_SELF = YES;
				CLANG_WARN_OBJC_LITERAL_CONVERSION = YES;
				CLANG_WARN_OBJC_ROOT_CLASS = YES_ERROR;
				CLANG_WARN_RANGE_LOOP_ANALYSIS = YES;
				CLANG_WARN_STRICT_PROTOTYPES = YES;
				CLANG_WARN_SUSPICIOUS_MOVE = YES;
				CLANG_WARN_UNGUARDED_AVAILABILITY = YES_AGGRESSIVE;
				CLANG_WARN_UNREACHABLE_CODE = YES;
				CLANG_WARN__DUPLICATE_METHOD_MATCH = YES;
				COPY_PHASE_STRIP = NO;
				DEBUG_INFORMATION_FORMAT = dwarf;
				ENABLE_STRICT_OBJC_MSGSEND = YES;
				ENABLE_TESTABILITY = YES;
				GCC_C_LANGUAGE_STANDARD = gnu11;
				GCC_DYNAMIC_NO_PIC = NO;
				GCC_NO_COMMON_BLOCKS = YES;
				GCC_OPTIMIZATION_LEVEL = 0;
				GCC_PREPROCESSOR_DEFINITIONS = (
					"DEBUG=1",
					"$(inherited)",
				);
				GCC_WARN_64_TO_32_BIT_CONVERSION = YES;
				GCC_WARN_ABOUT_RETURN_TYPE = YES_ERROR;
				GCC_WARN_UNDECLARED_SELECTOR = YES;
				GCC_WARN_UNINITIALIZED_AUTOS = YES_AGGRESSIVE;
				GCC_WARN_UNUSED_FUNCTION = YES;
				GCC_WARN_UNUSED_VARIABLE = YES;
				IPHONEOS_DEPLOYMENT_TARGET = 13.2;
				MTL_ENABLE_DEBUG_INFO = INCLUDE_SOURCE;
				MTL_FAST_MATH = YES;
				ONLY_ACTIVE_ARCH = YES;
				SDKROOT = iphoneos;
			};
			name = Debug;
		};
		74BF96AF2425B84B0042F107 /* Release */ = {
			isa = XCBuildConfiguration;
			buildSettings = {
				ALWAYS_SEARCH_USER_PATHS = NO;
				CLANG_ANALYZER_NONNULL = YES;
				CLANG_ANALYZER_NUMBER_OBJECT_CONVERSION = YES_AGGRESSIVE;
				CLANG_CXX_LANGUAGE_STANDARD = "gnu++14";
				CLANG_CXX_LIBRARY = "libc++";
				CLANG_ENABLE_MODULES = YES;
				CLANG_ENABLE_OBJC_ARC = YES;
				CLANG_ENABLE_OBJC_WEAK = YES;
				CLANG_WARN_BLOCK_CAPTURE_AUTORELEASING = YES;
				CLANG_WARN_BOOL_CONVERSION = YES;
				CLANG_WARN_COMMA = YES;
				CLANG_WARN_CONSTANT_CONVERSION = YES;
				CLANG_WARN_DEPRECATED_OBJC_IMPLEMENTATIONS = YES;
				CLANG_WARN_DIRECT_OBJC_ISA_USAGE = YES_ERROR;
				CLANG_WARN_DOCUMENTATION_COMMENTS = YES;
				CLANG_WARN_EMPTY_BODY = YES;
				CLANG_WARN_ENUM_CONVERSION = YES;
				CLANG_WARN_INFINITE_RECURSION = YES;
				CLANG_WARN_INT_CONVERSION = YES;
				CLANG_WARN_NON_LITERAL_NULL_CONVERSION = YES;
				CLANG_WARN_OBJC_IMPLICIT_RETAIN_SELF = YES;
				CLANG_WARN_OBJC_LITERAL_CONVERSION = YES;
				CLANG_WARN_OBJC_ROOT_CLASS = YES_ERROR;
				CLANG_WARN_RANGE_LOOP_ANALYSIS = YES;
				CLANG_WARN_STRICT_PROTOTYPES = YES;
				CLANG_WARN_SUSPICIOUS_MOVE = YES;
				CLANG_WARN_UNGUARDED_AVAILABILITY = YES_AGGRESSIVE;
				CLANG_WARN_UNREACHABLE_CODE = YES;
				CLANG_WARN__DUPLICATE_METHOD_MATCH = YES;
				COPY_PHASE_STRIP = NO;
				DEBUG_INFORMATION_FORMAT = "dwarf-with-dsym";
				ENABLE_NS_ASSERTIONS = NO;
				ENABLE_STRICT_OBJC_MSGSEND = YES;
				GCC_C_LANGUAGE_STANDARD = gnu11;
				GCC_NO_COMMON_BLOCKS = YES;
				GCC_WARN_64_TO_32_BIT_CONVERSION = YES;
				GCC_WARN_ABOUT_RETURN_TYPE = YES_ERROR;
				GCC_WARN_UNDECLARED_SELECTOR = YES;
				GCC_WARN_UNINITIALIZED_AUTOS = YES_AGGRESSIVE;
				GCC_WARN_UNUSED_FUNCTION = YES;
				GCC_WARN_UNUSED_VARIABLE = YES;
				IPHONEOS_DEPLOYMENT_TARGET = 13.2;
				MTL_ENABLE_DEBUG_INFO = NO;
				MTL_FAST_MATH = YES;
				SDKROOT = iphoneos;
				VALIDATE_PRODUCT = YES;
			};
			name = Release;
		};
		74BF96B12425B84B0042F107 /* Debug */ = {
			isa = XCBuildConfiguration;
			buildSettings = {
				ASSETCATALOG_COMPILER_APPICON_NAME = AppIcon;
				CODE_SIGN_STYLE = Automatic;
				DEVELOPMENT_TEAM = UKN88ZK5LF;
				INFOPLIST_FILE = MyAlgorithm/Info.plist;
				LD_RUNPATH_SEARCH_PATHS = (
					"$(inherited)",
					"@executable_path/Frameworks",
				);
				PRODUCT_BUNDLE_IDENTIFIER = com.wdyzmx.MyAlgorithm;
				PRODUCT_NAME = "$(TARGET_NAME)";
				TARGETED_DEVICE_FAMILY = "1,2";
			};
			name = Debug;
		};
		74BF96B22425B84B0042F107 /* Release */ = {
			isa = XCBuildConfiguration;
			buildSettings = {
				ASSETCATALOG_COMPILER_APPICON_NAME = AppIcon;
				CODE_SIGN_STYLE = Automatic;
				DEVELOPMENT_TEAM = UKN88ZK5LF;
				INFOPLIST_FILE = MyAlgorithm/Info.plist;
				LD_RUNPATH_SEARCH_PATHS = (
					"$(inherited)",
					"@executable_path/Frameworks",
				);
				PRODUCT_BUNDLE_IDENTIFIER = com.wdyzmx.MyAlgorithm;
				PRODUCT_NAME = "$(TARGET_NAME)";
				TARGETED_DEVICE_FAMILY = "1,2";
			};
			name = Release;
		};
		74BF96B42425B84B0042F107 /* Debug */ = {
			isa = XCBuildConfiguration;
			buildSettings = {
				BUNDLE_LOADER = "$(TEST_HOST)";
				CODE_SIGN_STYLE = Automatic;
				DEVELOPMENT_TEAM = UKN88ZK5LF;
				INFOPLIST_FILE = MyAlgorithmTests/Info.plist;
				IPHONEOS_DEPLOYMENT_TARGET = 13.2;
				LD_RUNPATH_SEARCH_PATHS = (
					"$(inherited)",
					"@executable_path/Frameworks",
					"@loader_path/Frameworks",
				);
				PRODUCT_BUNDLE_IDENTIFIER = com.wdyzmx.MyAlgorithmTests;
				PRODUCT_NAME = "$(TARGET_NAME)";
				TARGETED_DEVICE_FAMILY = "1,2";
				TEST_HOST = "$(BUILT_PRODUCTS_DIR)/MyAlgorithm.app/MyAlgorithm";
			};
			name = Debug;
		};
		74BF96B52425B84B0042F107 /* Release */ = {
			isa = XCBuildConfiguration;
			buildSettings = {
				BUNDLE_LOADER = "$(TEST_HOST)";
				CODE_SIGN_STYLE = Automatic;
				DEVELOPMENT_TEAM = UKN88ZK5LF;
				INFOPLIST_FILE = MyAlgorithmTests/Info.plist;
				IPHONEOS_DEPLOYMENT_TARGET = 13.2;
				LD_RUNPATH_SEARCH_PATHS = (
					"$(inherited)",
					"@executable_path/Frameworks",
					"@loader_path/Frameworks",
				);
				PRODUCT_BUNDLE_IDENTIFIER = com.wdyzmx.MyAlgorithmTests;
				PRODUCT_NAME = "$(TARGET_NAME)";
				TARGETED_DEVICE_FAMILY = "1,2";
				TEST_HOST = "$(BUILT_PRODUCTS_DIR)/MyAlgorithm.app/MyAlgorithm";
			};
			name = Release;
		};
		74BF96B72425B84B0042F107 /* Debug */ = {
			isa = XCBuildConfiguration;
			buildSettings = {
				CODE_SIGN_STYLE = Automatic;
				DEVELOPMENT_TEAM = UKN88ZK5LF;
				INFOPLIST_FILE = MyAlgorithmUITests/Info.plist;
				LD_RUNPATH_SEARCH_PATHS = (
					"$(inherited)",
					"@executable_path/Frameworks",
					"@loader_path/Frameworks",
				);
				PRODUCT_BUNDLE_IDENTIFIER = com.wdyzmx.MyAlgorithmUITests;
				PRODUCT_NAME = "$(TARGET_NAME)";
				TARGETED_DEVICE_FAMILY = "1,2";
				TEST_TARGET_NAME = MyAlgorithm;
			};
			name = Debug;
		};
		74BF96B82425B84B0042F107 /* Release */ = {
			isa = XCBuildConfiguration;
			buildSettings = {
				CODE_SIGN_STYLE = Automatic;
				DEVELOPMENT_TEAM = UKN88ZK5LF;
				INFOPLIST_FILE = MyAlgorithmUITests/Info.plist;
				LD_RUNPATH_SEARCH_PATHS = (
					"$(inherited)",
					"@executable_path/Frameworks",
					"@loader_path/Frameworks",
				);
				PRODUCT_BUNDLE_IDENTIFIER = com.wdyzmx.MyAlgorithmUITests;
				PRODUCT_NAME = "$(TARGET_NAME)";
				TARGETED_DEVICE_FAMILY = "1,2";
				TEST_TARGET_NAME = MyAlgorithm;
			};
			name = Release;
		};
/* End XCBuildConfiguration section */

/* Begin XCConfigurationList section */
		74BF967C2425B84A0042F107 /* Build configuration list for PBXProject "MyAlgorithm" */ = {
			isa = XCConfigurationList;
			buildConfigurations = (
				74BF96AE2425B84B0042F107 /* Debug */,
				74BF96AF2425B84B0042F107 /* Release */,
			);
			defaultConfigurationIsVisible = 0;
			defaultConfigurationName = Release;
		};
		74BF96B02425B84B0042F107 /* Build configuration list for PBXNativeTarget "MyAlgorithm" */ = {
			isa = XCConfigurationList;
			buildConfigurations = (
				74BF96B12425B84B0042F107 /* Debug */,
				74BF96B22425B84B0042F107 /* Release */,
			);
			defaultConfigurationIsVisible = 0;
			defaultConfigurationName = Release;
		};
		74BF96B32425B84B0042F107 /* Build configuration list for PBXNativeTarget "MyAlgorithmTests" */ = {
			isa = XCConfigurationList;
			buildConfigurations = (
				74BF96B42425B84B0042F107 /* Debug */,
				74BF96B52425B84B0042F107 /* Release */,
			);
			defaultConfigurationIsVisible = 0;
			defaultConfigurationName = Release;
		};
		74BF96B62425B84B0042F107 /* Build configuration list for PBXNativeTarget "MyAlgorithmUITests" */ = {
			isa = XCConfigurationList;
			buildConfigurations = (
				74BF96B72425B84B0042F107 /* Debug */,
				74BF96B82425B84B0042F107 /* Release */,
			);
			defaultConfigurationIsVisible = 0;
			defaultConfigurationName = Release;
		};
/* End XCConfigurationList section */
	};
	rootObject = 74BF96792425B84A0042F107 /* Project object */;
}
